
Microsoft Visual Studio Solution File, Format Version 12.00
# Visual Studio Version 17
VisualStudioVersion = 17.5.33530.505
MinimumVisualStudioVersion = 10.0.40219.1
Project("{FAE04EC0-301F-11D3-BF4B-00C04F79EFBC}") = "TestGItHubRPR", "TestGItHubRPR\TestGItHubRPR.csproj", "{0EA1CE80-9867-4C98-BFF2-A6929C01F2A8}"
EndProject
Global
	GlobalSection(SolutionConfigurationPlatforms) = preSolution
		Debug|Any CPU = Debug|Any CPU
		Release|Any CPU = Release|Any CPU
	EndGlobalSection
	GlobalSection(ProjectConfigurationPlatforms) = postSolution
		{0EA1CE80-9867-4C98-BFF2-A6929C01F2A8}.Debug|Any CPU.ActiveCfg = Debug|Any CPU
		{0EA1CE80-9867-4C98-BFF2-A6929C01F2A8}.Debug|Any CPU.Build.0 = Debug|Any CPU
		{0EA1CE80-9867-4C98-BFF2-A6929C01F2A8}.Release|Any CPU.ActiveCfg = Release|Any CPU
		{0EA1CE80-9867-4C98-BFF2-A6929C01F2A8}.Release|Any CPU.Build.0 = Release|Any CPU
	EndGlobalSection
	GlobalSection(SolutionProperties) = preSolution
		HideSolutionNode = FALSE
	EndGlobalSection
	GlobalSection(ExtensibilityGlobals) = postSolution
		SolutionGuid = {818B78F5-999D-437B-BC89-AB2FADF85954}
	EndGlobalSection
EndGlobal
